<Solution>
  <Project Path="June2026.ConsoleApp1/June2026.ConsoleApp1.csproj" />
  <Project Path="June2026.ConsoleApp2/June2026.ConsoleApp2.csproj" Id="e54fb1c9-bbd1-4f4e-aa00-e7ec48bf2d8c" />
  <Project Path="June2026.ConsoleApp3/June2026.ConsoleApp3.csproj" Id="5bcb266f-1eb6-43b6-89ae-11a336b36d80" />
  <Project Path="June2026.Database/June2026.Database.csproj" Id="96e9edcf-58f9-422c-8bf0-912b44c3df5a" />
  <Project Path="June2026.EFCoreAssignment.Database/June2026.EFCoreAssignment.Database.csproj" Id="95480de1-4d24-4862-960c-bba0c9526a32" />
  <Project Path="June2026.EFCoreAssignment/June2026.EFCoreAssignment.csproj" Id="44650e06-69d4-40e7-acff-804c83f71755" />
</Solution>
